
Microsoft Visual Studio Solution File, Format Version 11.00
# Visual Studio 2010
Project("{8BC9CEB8-8B4A-11D0-8D11-00A0C91BC942}") = "LAB9", "LAB9\LAB9.vcxproj", "{60C722C3-B6E6-48E8-BD7C-F0E77BAB59F6}"
EndProject
Project("{8BC9CEB8-8B4A-11D0-8D11-00A0C91BC942}") = "part2", "part2\part2.vcxproj", "{9E75CA15-22AC-48AC-9892-7F60CF957C30}"
EndProject
Project("{8BC9CEB8-8B4A-11D0-8D11-00A0C91BC942}") = "treeeee", "treeeee\treeeee.vcxproj", "{E1415281-8BE7-43DC-8AAC-BEC6CCAF4833}"
EndProject
Global
	GlobalSection(SolutionConfigurationPlatforms) = preSolution
		Debug|Win32 = Debug|Win32
		Release|Win32 = Release|Win32
	EndGlobalSection
	GlobalSection(ProjectConfigurationPlatforms) = postSolution
		{60C722C3-B6E6-48E8-BD7C-F0E77BAB59F6}.Debug|Win32.ActiveCfg = Debug|Win32
		{60C722C3-B6E6-48E8-BD7C-F0E77BAB59F6}.Debug|Win32.Build.0 = Debug|Win32
		{60C722C3-B6E6-48E8-BD7C-F0E77BAB59F6}.Release|Win32.ActiveCfg = Release|Win32
		{60C722C3-B6E6-48E8-BD7C-F0E77BAB59F6}.Release|Win32.Build.0 = Release|Win32
		{9E75CA15-22AC-48AC-9892-7F60CF957C30}.Debug|Win32.ActiveCfg = Debug|Win32
		{9E75CA15-22AC-48AC-9892-7F60CF957C30}.Debug|Win32.Build.0 = Debug|Win32
		{9E75CA15-22AC-48AC-9892-7F60CF957C30}.Release|Win32.ActiveCfg = Release|Win32
		{9E75CA15-22AC-48AC-9892-7F60CF957C30}.Release|Win32.Build.0 = Release|Win32
		{E1415281-8BE7-43DC-8AAC-BEC6CCAF4833}.Debug|Win32.ActiveCfg = Debug|Win32
		{E1415281-8BE7-43DC-8AAC-BEC6CCAF4833}.Debug|Win32.Build.0 = Debug|Win32
		{E1415281-8BE7-43DC-8AAC-BEC6CCAF4833}.Release|Win32.ActiveCfg = Release|Win32
		{E1415281-8BE7-43DC-8AAC-BEC6CCAF4833}.Release|Win32.Build.0 = Release|Win32
	EndGlobalSection
	GlobalSection(SolutionProperties) = preSolution
		HideSolutionNode = FALSE
	EndGlobalSection
EndGlobal
