
Microsoft Visual Studio Solution File, Format Version 9.00
# Visual C++ Express 2005
Project("{8BC9CEB8-8B4A-11D0-8D11-00A0C91BC942}") = "LAB4_1", "LAB4_1\LAB4_1.vcproj", "{AC965DC0-2F93-44E5-8491-0678F484D0C8}"
EndProject
Project("{8BC9CEB8-8B4A-11D0-8D11-00A0C91BC942}") = "LAB4_2", "LAB4_2\LAB4_2.vcproj", "{3641CD91-55FC-4B26-87AE-FA71ABFF7471}"
EndProject
Global
	GlobalSection(SolutionConfigurationPlatforms) = preSolution
		Debug|Win32 = Debug|Win32
		Release|Win32 = Release|Win32
	EndGlobalSection
	GlobalSection(ProjectConfigurationPlatforms) = postSolution
		{AC965DC0-2F93-44E5-8491-0678F484D0C8}.Debug|Win32.ActiveCfg = Debug|Win32
		{AC965DC0-2F93-44E5-8491-0678F484D0C8}.Debug|Win32.Build.0 = Debug|Win32
		{AC965DC0-2F93-44E5-8491-0678F484D0C8}.Release|Win32.ActiveCfg = Release|Win32
		{AC965DC0-2F93-44E5-8491-0678F484D0C8}.Release|Win32.Build.0 = Release|Win32
		{3641CD91-55FC-4B26-87AE-FA71ABFF7471}.Debug|Win32.ActiveCfg = Debug|Win32
		{3641CD91-55FC-4B26-87AE-FA71ABFF7471}.Debug|Win32.Build.0 = Debug|Win32
		{3641CD91-55FC-4B26-87AE-FA71ABFF7471}.Release|Win32.ActiveCfg = Release|Win32
		{3641CD91-55FC-4B26-87AE-FA71ABFF7471}.Release|Win32.Build.0 = Release|Win32
	EndGlobalSection
	GlobalSection(SolutionProperties) = preSolution
		HideSolutionNode = FALSE
	EndGlobalSection
EndGlobal
