
Microsoft Visual Studio Solution File, Format Version 9.00
# Visual C++ Express 2005
Project("{8BC9CEB8-8B4A-11D0-8D11-00A0C91BC942}") = "testapp", "testapp\testapp.vcproj", "{6FDFD605-A000-4DAF-8BB8-AD1B30871E67}"
EndProject
Global
	GlobalSection(SolutionConfigurationPlatforms) = preSolution
		Debug|Win32 = Debug|Win32
		Release|Win32 = Release|Win32
	EndGlobalSection
	GlobalSection(ProjectConfigurationPlatforms) = postSolution
		{6FDFD605-A000-4DAF-8BB8-AD1B30871E67}.Debug|Win32.ActiveCfg = Debug|Win32
		{6FDFD605-A000-4DAF-8BB8-AD1B30871E67}.Debug|Win32.Build.0 = Debug|Win32
		{6FDFD605-A000-4DAF-8BB8-AD1B30871E67}.Release|Win32.ActiveCfg = Release|Win32
		{6FDFD605-A000-4DAF-8BB8-AD1B30871E67}.Release|Win32.Build.0 = Release|Win32
	EndGlobalSection
	GlobalSection(SolutionProperties) = preSolution
		HideSolutionNode = FALSE
	EndGlobalSection
EndGlobal
